
Microsoft Visual Studio Solution File, Format Version 12.00
# Visual Studio Version 16
VisualStudioVersion = 16.0.31205.134
MinimumVisualStudioVersion = 10.0.40219.1
Project("{9A19103F-16F7-4668-BE54-9A1E7A4F7556}") = "CityTemperatureAPI", "CityTemperatureAPI\CityTemperatureAPI.csproj", "{39186BEE-B857-48EC-A42C-9EA7D95D0CF6}"
EndProject
Project("{2150E333-8FDC-42A3-9474-1A3956D46DE8}") = "Tests", "Tests", "{D7C91A7A-1FEE-4424-8A30-38D424A7E96C}"
EndProject
Project("{9A19103F-16F7-4668-BE54-9A1E7A4F7556}") = "CityTempreatureAPI.Application.Tests", "CityTempreatureAPI.Application.Tests\CityTempreatureAPI.Application.Tests.csproj", "{EF69E861-9BC3-4190-AD58-756772DDD4FD}"
EndProject
Project("{2150E333-8FDC-42A3-9474-1A3956D46DE8}") = "CityTemperatureAPI.Domain", "CityTemperatureAPI.Domain", "{29F2ADBD-6134-4DAE-A798-A95C2CEBBE1B}"
EndProject
Project("{2150E333-8FDC-42A3-9474-1A3956D46DE8}") = "Models", "Models", "{05030F25-7269-41A3-A401-3DF7B1232C91}"
EndProject
Project("{2150E333-8FDC-42A3-9474-1A3956D46DE8}") = "Repositories", "Repositories", "{718FC3FD-52B7-45B8-B963-A2E31F94D74E}"
EndProject
Project("{2150E333-8FDC-42A3-9474-1A3956D46DE8}") = "Services", "Services", "{953CFC95-431C-4B64-9441-AD639E9E128E}"
EndProject
Global
	GlobalSection(SolutionConfigurationPlatforms) = preSolution
		Debug|Any CPU = Debug|Any CPU
		Release|Any CPU = Release|Any CPU
	EndGlobalSection
	GlobalSection(ProjectConfigurationPlatforms) = postSolution
		{39186BEE-B857-48EC-A42C-9EA7D95D0CF6}.Debug|Any CPU.ActiveCfg = Debug|Any CPU
		{39186BEE-B857-48EC-A42C-9EA7D95D0CF6}.Debug|Any CPU.Build.0 = Debug|Any CPU
		{39186BEE-B857-48EC-A42C-9EA7D95D0CF6}.Release|Any CPU.ActiveCfg = Release|Any CPU
		{39186BEE-B857-48EC-A42C-9EA7D95D0CF6}.Release|Any CPU.Build.0 = Release|Any CPU
		{EF69E861-9BC3-4190-AD58-756772DDD4FD}.Debug|Any CPU.ActiveCfg = Debug|Any CPU
		{EF69E861-9BC3-4190-AD58-756772DDD4FD}.Debug|Any CPU.Build.0 = Debug|Any CPU
		{EF69E861-9BC3-4190-AD58-756772DDD4FD}.Release|Any CPU.ActiveCfg = Release|Any CPU
		{EF69E861-9BC3-4190-AD58-756772DDD4FD}.Release|Any CPU.Build.0 = Release|Any CPU
	EndGlobalSection
	GlobalSection(SolutionProperties) = preSolution
		HideSolutionNode = FALSE
	EndGlobalSection
	GlobalSection(NestedProjects) = preSolution
		{EF69E861-9BC3-4190-AD58-756772DDD4FD} = {D7C91A7A-1FEE-4424-8A30-38D424A7E96C}
		{05030F25-7269-41A3-A401-3DF7B1232C91} = {29F2ADBD-6134-4DAE-A798-A95C2CEBBE1B}
		{718FC3FD-52B7-45B8-B963-A2E31F94D74E} = {29F2ADBD-6134-4DAE-A798-A95C2CEBBE1B}
		{953CFC95-431C-4B64-9441-AD639E9E128E} = {29F2ADBD-6134-4DAE-A798-A95C2CEBBE1B}
	EndGlobalSection
	GlobalSection(ExtensibilityGlobals) = postSolution
		SolutionGuid = {0E2F1FB9-3AA4-4BD3-9A1C-F8E156612D50}
	EndGlobalSection
EndGlobal
